
Microsoft Visual Studio Solution File, Format Version 12.00
# Visual Studio Version 17
VisualStudioVersion = 17.4.33213.308
MinimumVisualStudioVersion = 10.0.40219.1
Project("{FAE04EC0-301F-11D3-BF4B-00C04F79EFBC}") = "Csharp_hw3", "Csharp_hw3\Csharp_hw3.csproj", "{0A2B99CD-E43F-4AF9-80D0-D469702D9F19}"
EndProject
Global
	GlobalSection(SolutionConfigurationPlatforms) = preSolution
		Debug|Any CPU = Debug|Any CPU
		Release|Any CPU = Release|Any CPU
	EndGlobalSection
	GlobalSection(ProjectConfigurationPlatforms) = postSolution
		{0A2B99CD-E43F-4AF9-80D0-D469702D9F19}.Debug|Any CPU.ActiveCfg = Debug|Any CPU
		{0A2B99CD-E43F-4AF9-80D0-D469702D9F19}.Debug|Any CPU.Build.0 = Debug|Any CPU
		{0A2B99CD-E43F-4AF9-80D0-D469702D9F19}.Release|Any CPU.ActiveCfg = Release|Any CPU
		{0A2B99CD-E43F-4AF9-80D0-D469702D9F19}.Release|Any CPU.Build.0 = Release|Any CPU
	EndGlobalSection
	GlobalSection(SolutionProperties) = preSolution
		HideSolutionNode = FALSE
	EndGlobalSection
	GlobalSection(ExtensibilityGlobals) = postSolution
		SolutionGuid = {AB8640A4-2D73-461E-B815-0ED4EAF830C4}
	EndGlobalSection
EndGlobal
